
Microsoft Visual Studio Solution File, Format Version 12.00
# Visual Studio Version 17
VisualStudioVersion = 17.0.32126.317
MinimumVisualStudioVersion = 10.0.40219.1
Project("{FAE04EC0-301F-11D3-BF4B-00C04F79EFBC}") = "Yaeger", "src\Engine\Yaeger\Yaeger.csproj", "{95530015-5D14-4E68-8E71-16D3C7E5A440}"
EndProject
Project("{FAE04EC0-301F-11D3-BF4B-00C04F79EFBC}") = "Pong", "Samples\Pong\Pong.csproj", "{B99F9A35-48EE-49C3-92B0-9B1850677E79}"
EndProject
Project("{2150E333-8FDC-42A3-9474-1A3956D46DE8}") = "Samples", "Samples", "{5D20AA90-6969-D8BD-9DCD-8634F4692FDA}"
EndProject
Project("{FAE04EC0-301F-11D3-BF4B-00C04F79EFBC}") = "BatchRenderingExample", "Samples\BatchRenderingExample\BatchRenderingExample.csproj", "{3FB699AE-F901-4862-A795-44E601EFD38B}"
EndProject
Global
	GlobalSection(SolutionConfigurationPlatforms) = preSolution
		Debug|Any CPU = Debug|Any CPU
		Debug|x64 = Debug|x64
		Debug|x86 = Debug|x86
		Release|Any CPU = Release|Any CPU
		Release|x64 = Release|x64
		Release|x86 = Release|x86
	EndGlobalSection
	GlobalSection(ProjectConfigurationPlatforms) = postSolution
		{95530015-5D14-4E68-8E71-16D3C7E5A440}.Debug|Any CPU.ActiveCfg = Debug|Any CPU
		{95530015-5D14-4E68-8E71-16D3C7E5A440}.Debug|Any CPU.Build.0 = Debug|Any CPU
		{95530015-5D14-4E68-8E71-16D3C7E5A440}.Debug|x64.ActiveCfg = Debug|Any CPU
		{95530015-5D14-4E68-8E71-16D3C7E5A440}.Debug|x64.Build.0 = Debug|Any CPU
		{95530015-5D14-4E68-8E71-16D3C7E5A440}.Debug|x86.ActiveCfg = Debug|Any CPU
		{95530015-5D14-4E68-8E71-16D3C7E5A440}.Debug|x86.Build.0 = Debug|Any CPU
		{95530015-5D14-4E68-8E71-16D3C7E5A440}.Release|Any CPU.ActiveCfg = Release|Any CPU
		{95530015-5D14-4E68-8E71-16D3C7E5A440}.Release|Any CPU.Build.0 = Release|Any CPU
		{95530015-5D14-4E68-8E71-16D3C7E5A440}.Release|x64.ActiveCfg = Release|Any CPU
		{95530015-5D14-4E68-8E71-16D3C7E5A440}.Release|x64.Build.0 = Release|Any CPU
		{95530015-5D14-4E68-8E71-16D3C7E5A440}.Release|x86.ActiveCfg = Release|Any CPU
		{95530015-5D14-4E68-8E71-16D3C7E5A440}.Release|x86.Build.0 = Release|Any CPU
		{B99F9A35-48EE-49C3-92B0-9B1850677E79}.Debug|Any CPU.ActiveCfg = Debug|Any CPU
		{B99F9A35-48EE-49C3-92B0-9B1850677E79}.Debug|Any CPU.Build.0 = Debug|Any CPU
		{B99F9A35-48EE-49C3-92B0-9B1850677E79}.Debug|x64.ActiveCfg = Debug|Any CPU
		{B99F9A35-48EE-49C3-92B0-9B1850677E79}.Debug|x64.Build.0 = Debug|Any CPU
		{B99F9A35-48EE-49C3-92B0-9B1850677E79}.Debug|x86.ActiveCfg = Debug|Any CPU
		{B99F9A35-48EE-49C3-92B0-9B1850677E79}.Debug|x86.Build.0 = Debug|Any CPU
		{B99F9A35-48EE-49C3-92B0-9B1850677E79}.Release|Any CPU.ActiveCfg = Release|Any CPU
		{B99F9A35-48EE-49C3-92B0-9B1850677E79}.Release|Any CPU.Build.0 = Release|Any CPU
		{B99F9A35-48EE-49C3-92B0-9B1850677E79}.Release|x64.ActiveCfg = Release|Any CPU
		{B99F9A35-48EE-49C3-92B0-9B1850677E79}.Release|x64.Build.0 = Release|Any CPU
		{B99F9A35-48EE-49C3-92B0-9B1850677E79}.Release|x86.ActiveCfg = Release|Any CPU
		{B99F9A35-48EE-49C3-92B0-9B1850677E79}.Release|x86.Build.0 = Release|Any CPU
		{3FB699AE-F901-4862-A795-44E601EFD38B}.Debug|Any CPU.ActiveCfg = Debug|Any CPU
		{3FB699AE-F901-4862-A795-44E601EFD38B}.Debug|Any CPU.Build.0 = Debug|Any CPU
		{3FB699AE-F901-4862-A795-44E601EFD38B}.Debug|x64.ActiveCfg = Debug|Any CPU
		{3FB699AE-F901-4862-A795-44E601EFD38B}.Debug|x64.Build.0 = Debug|Any CPU
		{3FB699AE-F901-4862-A795-44E601EFD38B}.Debug|x86.ActiveCfg = Debug|Any CPU
		{3FB699AE-F901-4862-A795-44E601EFD38B}.Debug|x86.Build.0 = Debug|Any CPU
		{3FB699AE-F901-4862-A795-44E601EFD38B}.Release|Any CPU.ActiveCfg = Release|Any CPU
		{3FB699AE-F901-4862-A795-44E601EFD38B}.Release|Any CPU.Build.0 = Release|Any CPU
		{3FB699AE-F901-4862-A795-44E601EFD38B}.Release|x64.ActiveCfg = Release|Any CPU
		{3FB699AE-F901-4862-A795-44E601EFD38B}.Release|x64.Build.0 = Release|Any CPU
		{3FB699AE-F901-4862-A795-44E601EFD38B}.Release|x86.ActiveCfg = Release|Any CPU
		{3FB699AE-F901-4862-A795-44E601EFD38B}.Release|x86.Build.0 = Release|Any CPU
	EndGlobalSection
	GlobalSection(SolutionProperties) = preSolution
		HideSolutionNode = FALSE
	EndGlobalSection
	GlobalSection(NestedProjects) = preSolution
		{3FB699AE-F901-4862-A795-44E601EFD38B} = {5D20AA90-6969-D8BD-9DCD-8634F4692FDA}
		{B99F9A35-48EE-49C3-92B0-9B1850677E79} = {5D20AA90-6969-D8BD-9DCD-8634F4692FDA}
	EndGlobalSection
	GlobalSection(ExtensibilityGlobals) = postSolution
		SolutionGuid = {1749389E-6209-45C6-A9E0-C006D098E94D}
	EndGlobalSection
EndGlobal
