
Microsoft Visual Studio Solution File, Format Version 12.00
# Visual Studio Version 17
VisualStudioVersion = 17.0.32126.317
MinimumVisualStudioVersion = 10.0.40219.1
Project("{FAE04EC0-301F-11D3-BF4B-00C04F79EFBC}") = "Yaeger", "src\Engine\Yaeger\Yaeger.csproj", "{95530015-5D14-4E68-8E71-16D3C7E5A440}"
EndProject
Project("{FAE04EC0-301F-11D3-BF4B-00C04F79EFBC}") = "Pong", "Samples\Pong\Pong.csproj", "{B99F9A35-48EE-49C3-92B0-9B1850677E79}"
EndProject
Global
	GlobalSection(SolutionConfigurationPlatforms) = preSolution
		Debug|Any CPU = Debug|Any CPU
		Release|Any CPU = Release|Any CPU
	EndGlobalSection
	GlobalSection(ProjectConfigurationPlatforms) = postSolution
		{95530015-5D14-4E68-8E71-16D3C7E5A440}.Debug|Any CPU.ActiveCfg = Debug|Any CPU
		{95530015-5D14-4E68-8E71-16D3C7E5A440}.Debug|Any CPU.Build.0 = Debug|Any CPU
		{95530015-5D14-4E68-8E71-16D3C7E5A440}.Release|Any CPU.ActiveCfg = Release|Any CPU
		{95530015-5D14-4E68-8E71-16D3C7E5A440}.Release|Any CPU.Build.0 = Release|Any CPU
		{B99F9A35-48EE-49C3-92B0-9B1850677E79}.Debug|Any CPU.ActiveCfg = Debug|Any CPU
		{B99F9A35-48EE-49C3-92B0-9B1850677E79}.Debug|Any CPU.Build.0 = Debug|Any CPU
		{B99F9A35-48EE-49C3-92B0-9B1850677E79}.Release|Any CPU.ActiveCfg = Release|Any CPU
		{B99F9A35-48EE-49C3-92B0-9B1850677E79}.Release|Any CPU.Build.0 = Release|Any CPU
	EndGlobalSection
	GlobalSection(SolutionProperties) = preSolution
		HideSolutionNode = FALSE
	EndGlobalSection
	GlobalSection(ExtensibilityGlobals) = postSolution
		SolutionGuid = {1749389E-6209-45C6-A9E0-C006D098E94D}
	EndGlobalSection
EndGlobal
